
Microsoft Visual Studio Solution File, Format Version 9.00
# Visual Studio 2005
Project("{8BC9CEB8-8B4A-11D0-8D11-00A0C91BC942}") = "dynamicbase", "dynamicbase\dynamicbase.vcproj", "{9AA5627E-81DE-4144-B1C5-3620E747795F}"
EndProject
Global
	GlobalSection(SolutionConfigurationPlatforms) = preSolution
		Debug|Win32 = Debug|Win32
		Release|Win32 = Release|Win32
	EndGlobalSection
	GlobalSection(ProjectConfigurationPlatforms) = postSolution
		{9AA5627E-81DE-4144-B1C5-3620E747795F}.Debug|Win32.ActiveCfg = Debug|Win32
		{9AA5627E-81DE-4144-B1C5-3620E747795F}.Debug|Win32.Build.0 = Debug|Win32
		{9AA5627E-81DE-4144-B1C5-3620E747795F}.Release|Win32.ActiveCfg = Release|Win32
		{9AA5627E-81DE-4144-B1C5-3620E747795F}.Release|Win32.Build.0 = Release|Win32
	EndGlobalSection
	GlobalSection(SolutionProperties) = preSolution
		HideSolutionNode = FALSE
	EndGlobalSection
EndGlobal
