
Microsoft Visual Studio Solution File, Format Version 9.00
# Visual Studio 2005
Project("{FAE04EC0-301F-11D3-BF4B-00C04F79EFBC}") = "TPM", "TPM\TPM.csproj", "{57E65CA2-AD27-4205-BE2E-F831BEC43315}"
EndProject
Global
	GlobalSection(SolutionConfigurationPlatforms) = preSolution
		Debug|Any CPU = Debug|Any CPU
		Release|Any CPU = Release|Any CPU
	EndGlobalSection
	GlobalSection(ProjectConfigurationPlatforms) = postSolution
		{57E65CA2-AD27-4205-BE2E-F831BEC43315}.Debug|Any CPU.ActiveCfg = Debug|Any CPU
		{57E65CA2-AD27-4205-BE2E-F831BEC43315}.Debug|Any CPU.Build.0 = Debug|Any CPU
		{57E65CA2-AD27-4205-BE2E-F831BEC43315}.Release|Any CPU.ActiveCfg = Release|Any CPU
		{57E65CA2-AD27-4205-BE2E-F831BEC43315}.Release|Any CPU.Build.0 = Release|Any CPU
	EndGlobalSection
	GlobalSection(SolutionProperties) = preSolution
		HideSolutionNode = FALSE
	EndGlobalSection
EndGlobal
