
Microsoft Visual Studio Solution File, Format Version 9.00
# Visual Studio 2005
Project("{FAE04EC0-301F-11D3-BF4B-00C04F79EFBC}") = "ParentalControlsExemption", "ParentalControlsExemption\ParentalControlsExemption.csproj", "{2083DB63-46B0-4677-AB7D-DE41C4EADC29}"
EndProject
Global
	GlobalSection(SolutionConfigurationPlatforms) = preSolution
		Debug|Any CPU = Debug|Any CPU
		Release|Any CPU = Release|Any CPU
	EndGlobalSection
	GlobalSection(ProjectConfigurationPlatforms) = postSolution
		{2083DB63-46B0-4677-AB7D-DE41C4EADC29}.Debug|Any CPU.ActiveCfg = Debug|Any CPU
		{2083DB63-46B0-4677-AB7D-DE41C4EADC29}.Debug|Any CPU.Build.0 = Debug|Any CPU
		{2083DB63-46B0-4677-AB7D-DE41C4EADC29}.Release|Any CPU.ActiveCfg = Release|Any CPU
		{2083DB63-46B0-4677-AB7D-DE41C4EADC29}.Release|Any CPU.Build.0 = Release|Any CPU
	EndGlobalSection
	GlobalSection(SolutionProperties) = preSolution
		HideSolutionNode = FALSE
	EndGlobalSection
EndGlobal
