
Microsoft Visual Studio Solution File, Format Version 9.00
# Visual Studio 2005
Project("{8BC9CEB8-8B4A-11D0-8D11-00A0C91BC942}") = "ShellExecuteAdmin", "ShellExecuteAdmin\ShellExecuteAdmin.vcproj", "{9A1161BD-005C-4C6A-891B-ACB6327ED178}"
EndProject
Global
	GlobalSection(SolutionConfigurationPlatforms) = preSolution
		Debug|Win32 = Debug|Win32
		Release|Win32 = Release|Win32
	EndGlobalSection
	GlobalSection(ProjectConfigurationPlatforms) = postSolution
		{9A1161BD-005C-4C6A-891B-ACB6327ED178}.Debug|Win32.ActiveCfg = Debug|Win32
		{9A1161BD-005C-4C6A-891B-ACB6327ED178}.Debug|Win32.Build.0 = Debug|Win32
		{9A1161BD-005C-4C6A-891B-ACB6327ED178}.Release|Win32.ActiveCfg = Release|Win32
		{9A1161BD-005C-4C6A-891B-ACB6327ED178}.Release|Win32.Build.0 = Release|Win32
	EndGlobalSection
	GlobalSection(SolutionProperties) = preSolution
		HideSolutionNode = FALSE
	EndGlobalSection
EndGlobal
